PODS:
  - Alamofire (4.8.0)
  - Appirater (2.3.1)
  - Aspects (0.0.1)
  - AsyncSwift (2.0.4)
  - CallbackURLKit (1.0.0):
    - CallbackURLKit/Core (= 1.0.0)
  - CallbackURLKit/Core (1.0.0)
  - Cartography (3.1.0)
  - CocoaAsyncSocket (7.4.3):
    - CocoaAsyncSocket/All (= 7.4.3)
  - CocoaAsyncSocket/All (7.4.3):
    - CocoaAsyncSocket/GCD
    - CocoaAsyncSocket/RunLoop
  - CocoaAsyncSocket/GCD (7.4.3)
  - CocoaAsyncSocket/RunLoop (7.4.3)
  - CocoaLumberjack/Core (3.0.0)
  - CocoaLumberjack/Default (3.0.0):
    - CocoaLumberjack/Core
  - CocoaLumberjack/Extensions (3.0.0):
    - CocoaLumberjack/Default
  - CocoaLumberjack/Swift (3.0.0):
    - CocoaLumberjack/Extensions
  - Eureka (4.3.1)
  - ICDMaterialActivityIndicatorView (0.1.3)
  - ICSMainFramework (0.0.1)
  - ICSPullToRefresh (0.6)
  - ISO8601DateFormatter (0.8)
  - KeychainAccess (3.1.2)
  - KissXML (5.2.3)
  - LibYAML (0.1.4)
  - MBProgressHUD (1.1.0)
  - MMWormhole (2.0.0):
    - MMWormhole/Core (= 2.0.0)
  - MMWormhole/Core (2.0.0)
  - ObjectMapper (3.4.2)
  - PSOperations (4.2.0):
    - PSOperations/Calendar (= 4.2.0)
    - PSOperations/Core (= 4.2.0)
    - PSOperations/Health (= 4.2.0)
    - PSOperations/Location (= 4.2.0)
    - PSOperations/Passbook (= 4.2.0)
  - PSOperations/Calendar (4.2.0):
    - PSOperations/Core
  - PSOperations/Core (4.2.0)
  - PSOperations/Health (4.2.0):
    - PSOperations/Core
  - PSOperations/Location (4.2.0):
    - PSOperations/Core
  - PSOperations/Passbook (4.2.0):
    - PSOperations/Core
  - Realm (2.10.2):
    - Realm/Headers (= 2.10.2)
  - Realm/Headers (2.10.2)
  - RealmSwift (2.10.2):
    - Realm (= 2.10.2)
  - Reveal-iOS-SDK (1.6.2)
  - SwiftColor (1.0.0)
  - YAML-Framework (0.0.3):
    - LibYAML (~> 0.1.4)

DEPENDENCIES:
  - Alamofire
  - Appirater
  - Aspects (from `./Library/Aspects/`)
  - AsyncSwift
  - CallbackURLKit (from `./Library/CallbackURLKit`)
  - Cartography
  - CocoaAsyncSocket (~> 7.4.3)
  - CocoaLumberjack/Swift (~> 3.0.0)
  - Eureka
  - ICDMaterialActivityIndicatorView (~> 0.1.0)
  - ICSMainFramework (from `./Library/ICSMainFramework/`)
  - ICSPullToRefresh (~> 0.6)
  - ISO8601DateFormatter (~> 0.8)
  - KeychainAccess
  - KissXML (~> 5.2.2)
  - MBProgressHUD
  - MMWormhole (~> 2.0.0)
  - ObjectMapper
  - PSOperations
  - RealmSwift (~> 2.10.2)
  - Reveal-iOS-SDK (~> 1.6.2)
  - SwiftColor
  - YAML-Framework (from `./Library/YAML-Framework`)

SPEC REPOS:
  https://github.com/cocoapods/specs.git:
    - Alamofire
    - Appirater
    - AsyncSwift
    - Cartography
    - CocoaAsyncSocket
    - CocoaLumberjack
    - Eureka
    - ICDMaterialActivityIndicatorView
    - ICSPullToRefresh
    - ISO8601DateFormatter
    - KeychainAccess
    - KissXML
    - LibYAML
    - MBProgressHUD
    - MMWormhole
    - ObjectMapper
    - PSOperations
    - Realm
    - RealmSwift
    - Reveal-iOS-SDK
    - SwiftColor

EXTERNAL SOURCES:
  Aspects:
    :path: "./Library/Aspects/"
  CallbackURLKit:
    :path: "./Library/CallbackURLKit"
  ICSMainFramework:
    :path: "./Library/ICSMainFramework/"
  YAML-Framework:
    :path: "./Library/YAML-Framework"

SPEC CHECKSUMS:
  Alamofire: 3ec537f71edc9804815215393ae2b1a8ea33a844
  Appirater: 44a4651f7912a17dc906b655f0c215d5bb768b84
  Aspects: 8ac2b7220e45929088e0c5330397540577e65e6a
  AsyncSwift: 65775a7b32e740609b24969ece3de58723b9dc3e
  CallbackURLKit: 160c6c5eac9bee66d31eb5b3dcfe31197c073946
  Cartography: 1988b7578871a56c036e7af17195cb2190edf18c
  CocoaAsyncSocket: a18c75dca4b08723628a0bacca6e94803d90be91
  CocoaLumberjack: c823149bccc5519a9447aeb433be7b1212a7d6a5
  Eureka: 28ea296f06710f6745266b71f17862048941a32d
  ICDMaterialActivityIndicatorView: 52e3f11f27ebf0b53a7bc7725f416b1a182367b6
  ICSMainFramework: e2cfdd3bac03573d48c890a70190e9bfac051ed8
  ICSPullToRefresh: a64f102c6558cc34270ea60e99df7c91d1f3d2c0
  ISO8601DateFormatter: 4551b6ce4f83185425f583b0b3feb3c7b59b942c
  KeychainAccess: b3816fddcf28aa29d94b10ec305cd52be14c472b
  KissXML: 09f88ff8161fd058d67b70740b8b516687b52823
  LibYAML: 3af2c5adf3a40dff936d087aa6a77edc10036bc5
  MBProgressHUD: e7baa36a220447d8aeb12769bf0585582f3866d9
  MMWormhole: 0cd3fd35a9118b2e2d762b499f54eeaace0be791
  ObjectMapper: 0d4402610f4e468903ae64629eec4784531e5c51
  PSOperations: c61e49d2b456b82986174bca82fd7b4716dce372
  Realm: 0ef72b837fb67e9f4b098bac771ddd72c7fdbb69
  RealmSwift: 07a9ae0505091eda6b2ee7c190c3786d6e90a7b0
  Reveal-iOS-SDK: e2250b3c155bcfac53ae223ddc1f76d08f206c33
  SwiftColor: aad338783abbcdd78df9031a38a7a96aae3d9122
  YAML-Framework: e63ac91e0494f10022bd311fa3f12d963f6233e7

PODFILE CHECKSUM: 921ef673d451a839701d3ce09dc389de8b72fbf3

COCOAPODS: 1.5.3
